
Microsoft Visual Studio Solution File, Format Version 12.00
# Visual Studio 14
VisualStudioVersion = 14.0.23107.0
MinimumVisualStudioVersion = 10.0.40219.1
Project("{FAE04EC0-301F-11D3-BF4B-00C04F79EFBC}") = "DIP-Violation", "DIP-Violation\DIP-Violation.csproj", "{1E99EEEE-94E3-414A-9D99-493715065CEA}"
EndProject
Global
	GlobalSection(SolutionConfigurationPlatforms) = preSolution
		Debug|Any CPU = Debug|Any CPU
		Release|Any CPU = Release|Any CPU
	EndGlobalSection
	GlobalSection(ProjectConfigurationPlatforms) = postSolution
		{1E99EEEE-94E3-414A-9D99-493715065CEA}.Debug|Any CPU.ActiveCfg = Debug|Any CPU
		{1E99EEEE-94E3-414A-9D99-493715065CEA}.Debug|Any CPU.Build.0 = Debug|Any CPU
		{1E99EEEE-94E3-414A-9D99-493715065CEA}.Release|Any CPU.ActiveCfg = Release|Any CPU
		{1E99EEEE-94E3-414A-9D99-493715065CEA}.Release|Any CPU.Build.0 = Release|Any CPU
	EndGlobalSection
	GlobalSection(SolutionProperties) = preSolution
		HideSolutionNode = FALSE
	EndGlobalSection
EndGlobal
