
Microsoft Visual Studio Solution File, Format Version 12.00
# Visual Studio 14
VisualStudioVersion = 14.0.23107.0
MinimumVisualStudioVersion = 10.0.40219.1
Project("{FAE04EC0-301F-11D3-BF4B-00C04F79EFBC}") = "SRP-Violation", "SRP-Violation\SRP-Violation.csproj", "{E7E5B43A-F1BD-42B5-85D3-59182EB8C5BD}"
EndProject
Project("{FAE04EC0-301F-11D3-BF4B-00C04F79EFBC}") = "SRP-Follow", "SRP-Follow\SRP-Follow.csproj", "{C1989E2E-EC24-474A-AD4A-A7DB37D0EEF2}"
EndProject
Global
	GlobalSection(SolutionConfigurationPlatforms) = preSolution
		Debug|Any CPU = Debug|Any CPU
		Release|Any CPU = Release|Any CPU
	EndGlobalSection
	GlobalSection(ProjectConfigurationPlatforms) = postSolution
		{E7E5B43A-F1BD-42B5-85D3-59182EB8C5BD}.Debug|Any CPU.ActiveCfg = Debug|Any CPU
		{E7E5B43A-F1BD-42B5-85D3-59182EB8C5BD}.Debug|Any CPU.Build.0 = Debug|Any CPU
		{E7E5B43A-F1BD-42B5-85D3-59182EB8C5BD}.Release|Any CPU.ActiveCfg = Release|Any CPU
		{E7E5B43A-F1BD-42B5-85D3-59182EB8C5BD}.Release|Any CPU.Build.0 = Release|Any CPU
		{C1989E2E-EC24-474A-AD4A-A7DB37D0EEF2}.Debug|Any CPU.ActiveCfg = Debug|Any CPU
		{C1989E2E-EC24-474A-AD4A-A7DB37D0EEF2}.Debug|Any CPU.Build.0 = Debug|Any CPU
		{C1989E2E-EC24-474A-AD4A-A7DB37D0EEF2}.Release|Any CPU.ActiveCfg = Release|Any CPU
		{C1989E2E-EC24-474A-AD4A-A7DB37D0EEF2}.Release|Any CPU.Build.0 = Release|Any CPU
	EndGlobalSection
	GlobalSection(SolutionProperties) = preSolution
		HideSolutionNode = FALSE
	EndGlobalSection
EndGlobal
